
Microsoft Visual Studio Solution File, Format Version 12.00
# Visual Studio Version 16
VisualStudioVersion = 16.0.30011.22
MinimumVisualStudioVersion = 10.0.40219.1
Project("{FAE04EC0-301F-11D3-BF4B-00C04F79EFBC}") = "youtube-dl-avalonia", "youtube-dl-avalonia\youtube-dl-avalonia.csproj", "{E753E7EB-C1DA-48B5-9F7E-8AC2D15D8669}"
EndProject
Global
	GlobalSection(SolutionConfigurationPlatforms) = preSolution
		Debug|Any CPU = Debug|Any CPU
		Release|Any CPU = Release|Any CPU
	EndGlobalSection
	GlobalSection(ProjectConfigurationPlatforms) = postSolution
		{E753E7EB-C1DA-48B5-9F7E-8AC2D15D8669}.Debug|Any CPU.ActiveCfg = Debug|Any CPU
		{E753E7EB-C1DA-48B5-9F7E-8AC2D15D8669}.Debug|Any CPU.Build.0 = Debug|Any CPU
		{E753E7EB-C1DA-48B5-9F7E-8AC2D15D8669}.Release|Any CPU.ActiveCfg = Release|Any CPU
		{E753E7EB-C1DA-48B5-9F7E-8AC2D15D8669}.Release|Any CPU.Build.0 = Release|Any CPU
	EndGlobalSection
	GlobalSection(SolutionProperties) = preSolution
		HideSolutionNode = FALSE
	EndGlobalSection
	GlobalSection(ExtensibilityGlobals) = postSolution
		SolutionGuid = {462C5ED4-6D1F-45FC-BEB6-33E0ED796010}
	EndGlobalSection
EndGlobal
